
Microsoft Visual Studio Solution File, Format Version 12.00
# Visual Studio Version 16
VisualStudioVersion = 16.0.29102.190
MinimumVisualStudioVersion = 10.0.40219.1
Project("{9A19103F-16F7-4668-BE54-9A1E7A4F7556}") = "Storyline.IdentityServer4.Web", "Storyline.IdentityServer4.Web\Storyline.IdentityServer4.Web.csproj", "{06BEB095-9EB0-4A64-A993-EF2DA658C68F}"
EndProject
Project("{9A19103F-16F7-4668-BE54-9A1E7A4F7556}") = "Storyline.IdentityServer4.Data", "Storyline.IdentityServer4.Data\Storyline.IdentityServer4.Data.csproj", "{65752D82-78E0-4CBD-95D4-187BA01A9415}"
EndProject
Global
	GlobalSection(SolutionConfigurationPlatforms) = preSolution
		Debug|Any CPU = Debug|Any CPU
		Release|Any CPU = Release|Any CPU
	EndGlobalSection
	GlobalSection(ProjectConfigurationPlatforms) = postSolution
		{06BEB095-9EB0-4A64-A993-EF2DA658C68F}.Debug|Any CPU.ActiveCfg = Debug|Any CPU
		{06BEB095-9EB0-4A64-A993-EF2DA658C68F}.Debug|Any CPU.Build.0 = Debug|Any CPU
		{06BEB095-9EB0-4A64-A993-EF2DA658C68F}.Release|Any CPU.ActiveCfg = Release|Any CPU
		{06BEB095-9EB0-4A64-A993-EF2DA658C68F}.Release|Any CPU.Build.0 = Release|Any CPU
		{65752D82-78E0-4CBD-95D4-187BA01A9415}.Debug|Any CPU.ActiveCfg = Debug|Any CPU
		{65752D82-78E0-4CBD-95D4-187BA01A9415}.Debug|Any CPU.Build.0 = Debug|Any CPU
		{65752D82-78E0-4CBD-95D4-187BA01A9415}.Release|Any CPU.ActiveCfg = Release|Any CPU
		{65752D82-78E0-4CBD-95D4-187BA01A9415}.Release|Any CPU.Build.0 = Release|Any CPU
	EndGlobalSection
	GlobalSection(SolutionProperties) = preSolution
		HideSolutionNode = FALSE
	EndGlobalSection
	GlobalSection(ExtensibilityGlobals) = postSolution
		SolutionGuid = {5F6FE6AB-7CBD-42BD-8E34-01A59138B362}
	EndGlobalSection
EndGlobal
